Microsoft Visual Studio Solution File, Format Version 11.00
# Visual Studio 2008

Project("{8EA41EF1-B51F-E9C5-C5AD-39BE9962D23E}") = "Platformer Man", "Assembly-CSharp.csproj", "{D536D0EB-E4FC-1086-3DF7-8967755919C3}"
EndProject
Global
	GlobalSection(SolutionConfigurationPlatforms) = preSolution
		Debug|Any CPU = Debug|Any CPU
		Release|Any CPU = Release|Any CPU
	EndGlobalSection
	GlobalSection(ProjectConfigurationPlatforms) = postSolution
		{D536D0EB-E4FC-1086-3DF7-8967755919C3}.Debug|Any CPU.ActiveCfg = Debug|Any CPU
		{D536D0EB-E4FC-1086-3DF7-8967755919C3}.Debug|Any CPU.Build.0 = Debug|Any CPU
		{D536D0EB-E4FC-1086-3DF7-8967755919C3}.Release|Any CPU.ActiveCfg = Release|Any CPU
		{D536D0EB-E4FC-1086-3DF7-8967755919C3}.Release|Any CPU.Build.0 = Release|Any CPU
	EndGlobalSection
	GlobalSection(SolutionProperties) = preSolution
		HideSolutionNode = FALSE
	EndGlobalSection
	GlobalSection(MonoDevelopProperties) = preSolution
		StartupItem = Assembly-CSharp.csproj
	EndGlobalSection
EndGlobal
